
Microsoft Visual Studio Solution File, Format Version 12.00
# Visual Studio Version 17
VisualStudioVersion = 17.6.33815.320
MinimumVisualStudioVersion = 10.0.40219.1
Project("{9A19103F-16F7-4668-BE54-9A1E7A4F7556}") = "SLAPI", "SLAPI\SLAPI.csproj", "{D09F0E3F-CB8E-42C7-A0B5-C173643A07FA}"
EndProject
Project("{9A19103F-16F7-4668-BE54-9A1E7A4F7556}") = "SLData.Shared", "Data\SLData.Shared.csproj", "{2F461377-28AC-4415-9E0C-0AABC88A6A96}"
EndProject
Project("{9A19103F-16F7-4668-BE54-9A1E7A4F7556}") = "SLDesktop", "SLDeskTop\SLDesktop.csproj", "{1DC27DE1-01C0-43AA-8D4C-27E93180009E}"
EndProject
Global
	GlobalSection(SolutionConfigurationPlatforms) = preSolution
		Debug|Any CPU = Debug|Any CPU
		Release|Any CPU = Release|Any CPU
	EndGlobalSection
	GlobalSection(ProjectConfigurationPlatforms) = postSolution
		{D09F0E3F-CB8E-42C7-A0B5-C173643A07FA}.Debug|Any CPU.ActiveCfg = Debug|Any CPU
		{D09F0E3F-CB8E-42C7-A0B5-C173643A07FA}.Debug|Any CPU.Build.0 = Debug|Any CPU
		{D09F0E3F-CB8E-42C7-A0B5-C173643A07FA}.Release|Any CPU.ActiveCfg = Release|Any CPU
		{D09F0E3F-CB8E-42C7-A0B5-C173643A07FA}.Release|Any CPU.Build.0 = Release|Any CPU
		{2F461377-28AC-4415-9E0C-0AABC88A6A96}.Debug|Any CPU.ActiveCfg = Debug|Any CPU
		{2F461377-28AC-4415-9E0C-0AABC88A6A96}.Debug|Any CPU.Build.0 = Debug|Any CPU
		{2F461377-28AC-4415-9E0C-0AABC88A6A96}.Release|Any CPU.ActiveCfg = Release|Any CPU
		{2F461377-28AC-4415-9E0C-0AABC88A6A96}.Release|Any CPU.Build.0 = Release|Any CPU
		{1DC27DE1-01C0-43AA-8D4C-27E93180009E}.Debug|Any CPU.ActiveCfg = Debug|Any CPU
		{1DC27DE1-01C0-43AA-8D4C-27E93180009E}.Debug|Any CPU.Build.0 = Debug|Any CPU
		{1DC27DE1-01C0-43AA-8D4C-27E93180009E}.Release|Any CPU.ActiveCfg = Release|Any CPU
		{1DC27DE1-01C0-43AA-8D4C-27E93180009E}.Release|Any CPU.Build.0 = Release|Any CPU
	EndGlobalSection
	GlobalSection(SolutionProperties) = preSolution
		HideSolutionNode = FALSE
	EndGlobalSection
	GlobalSection(ExtensibilityGlobals) = postSolution
		SolutionGuid = {D373F094-816E-41FA-A110-FBD6168F1B09}
	EndGlobalSection
EndGlobal
